
Microsoft Visual Studio Solution File, Format Version 12.00
# Visual Studio 14
VisualStudioVersion = 14.0.24720.0
MinimumVisualStudioVersion = 10.0.40219.1
Project("{FAE04EC0-301F-11D3-BF4B-00C04F79EFBC}") = "CardLib", "CardLib\CardLib.csproj", "{B7C24936-B37E-4409-9ACB-A59689B13355}"
EndProject
Project("{FAE04EC0-301F-11D3-BF4B-00C04F79EFBC}") = "CardClient", "CardClient\CardClient.csproj", "{27543656-DB7B-4E39-8DCE-D7FA3CB74D32}"
EndProject
Global
	GlobalSection(SolutionConfigurationPlatforms) = preSolution
		Debug|Any CPU = Debug|Any CPU
		Release|Any CPU = Release|Any CPU
	EndGlobalSection
	GlobalSection(ProjectConfigurationPlatforms) = postSolution
		{B7C24936-B37E-4409-9ACB-A59689B13355}.Debug|Any CPU.ActiveCfg = Debug|Any CPU
		{B7C24936-B37E-4409-9ACB-A59689B13355}.Debug|Any CPU.Build.0 = Debug|Any CPU
		{B7C24936-B37E-4409-9ACB-A59689B13355}.Release|Any CPU.ActiveCfg = Release|Any CPU
		{B7C24936-B37E-4409-9ACB-A59689B13355}.Release|Any CPU.Build.0 = Release|Any CPU
		{27543656-DB7B-4E39-8DCE-D7FA3CB74D32}.Debug|Any CPU.ActiveCfg = Debug|Any CPU
		{27543656-DB7B-4E39-8DCE-D7FA3CB74D32}.Debug|Any CPU.Build.0 = Debug|Any CPU
		{27543656-DB7B-4E39-8DCE-D7FA3CB74D32}.Release|Any CPU.ActiveCfg = Release|Any CPU
		{27543656-DB7B-4E39-8DCE-D7FA3CB74D32}.Release|Any CPU.Build.0 = Release|Any CPU
	EndGlobalSection
	GlobalSection(SolutionProperties) = preSolution
		HideSolutionNode = FALSE
	EndGlobalSection
EndGlobal
